hash: ccfdec5231fe569371ab4a096f115595d374235cf76c19ceccb1a23ccf5f9c2e
updated: 2017-08-29T15:39:35.325291111-04:00
imports:
- name: cloud.google.com/go
  version: f0500eb3fbc9c327a4d4a05b40afbd77d0aee85a
  subpackages:
  - compute/metadata
- name: github.com/blang/semver
  version: 2ee87856327ba09384cabd113bc6b5d174e9ec0f
- name: github.com/coreos/go-oidc
  version: a4973d9a4225417aecf5d450a9522f00c1f7130f
  subpackages:
  - http
  - jose
  - key
  - oauth2
  - oidc
- name: github.com/coreos/pkg
  version: 8dbaa491b063ed47e2474b5363de0c0db91cf9f2
  subpackages:
  - health
  - httputil
  - timeutil
- name: github.com/davecgh/go-spew
  version: adab96458c51a58dc1783b3335dcce5461522e75
  subpackages:
  - spew
- name: github.com/docker/distribution
  version: 30578ca32960a4d368bf6db67b0a33c2a1f3dc6f
  subpackages:
  - digestset
  - reference
- name: github.com/emicklei/go-restful
  version: 777bb3f19bcafe2575ffb2a3e46af92509ae9594
  subpackages:
  - log
  - swagger
- name: github.com/ghodss/yaml
  version: 0ca9ea5df5451ffdf184b4428c902747c2c11cd7
- name: github.com/go-openapi/jsonpointer
  version: 779f45308c19820f1a69e9a4cd965f496e0da10f
- name: github.com/go-openapi/jsonreference
  version: 36d33bfe519efae5632669801b180bf1a245da3b
- name: github.com/go-openapi/spec
  version: 3faa0055dbbf2110abc1f3b4e3adbb22721e96e7
- name: github.com/go-openapi/swag
  version: f3f9494671f93fcff853e3c6e9e948b3eb71e590
- name: github.com/gogo/protobuf
  version: 9319258ff0eab7faf2eaca190ef9dff2b9603ead
  subpackages:
  - proto
  - sortkeys
- name: github.com/golang/glog
  version: 23def4e6c14b4da8ac2ed8007337bc5eb5007998
- name: github.com/golang/protobuf
  version: ab9f9a6dab164b7d1246e0e688b0ab7b94d8553e
  subpackages:
  - proto
- name: github.com/google/gofuzz
  version: 24818f796faf91cd76ec7bddd72458fbced7a6c1
- name: github.com/howeyc/gopass
  version: bf9dde6d0d2c004a008c27aaee91170c786f6db8
- name: github.com/imdario/mergo
  version: e3000cb3d28c72b837601cac94debd91032d19fe
- name: github.com/jonboulle/clockwork
  version: bcac9884e7502bb2b474c0339d889cb981a2f27f
- name: github.com/juju/ratelimit
  version: 5b9ff866471762aa2ab2dced63c9fb6f53921342
- name: github.com/mailru/easyjson
  version: 3b3bbef4e2d9a6f24d7ee73a894afbc064f0e057
  subpackages:
  - buffer
  - jlexer
  - jwriter
- name: github.com/opencontainers/go-digest
  version: 279bed98673dd5bef374d3b6e4b09e2af76183bf
- name: github.com/pborman/uuid
  version: e790cca94e6cc75c7064b1332e63811d4aae1a53
- name: github.com/PuerkitoBio/purell
  version: 7cf257f0a33260797b0febf39f95fccd86aab2a3
- name: github.com/PuerkitoBio/urlesc
  version: de5bf2ad457846296e2031421a34e2568e304e35
- name: github.com/spf13/pflag
  version: e57e3eeb33f795204c1ca35f56c44f83227c6e66
- name: github.com/ugorji/go
  version: 8c0409fcbb70099c748d71f714529204975f6c3f
  subpackages:
  - codec
- name: golang.org/x/crypto
  version: 81e90905daefcd6fd217b62423c0908922eadb30
  subpackages:
  - ssh/terminal
- name: golang.org/x/net
  version: 66aacef3dd8a676686c7ae3716979581e8b03c47
  subpackages:
  - context
  - context/ctxhttp
  - http2
  - http2/hpack
  - idna
  - lex/httplex
- name: golang.org/x/oauth2
  version: 9a379c6b3e95a790ffc43293c2a78dee0d7b6e20
  subpackages:
  - google
  - internal
  - jws
  - jwt
- name: golang.org/x/sys
  version: ab9e364efd8b52800ff7ee48a9ffba4e0ed78dfb
  subpackages:
  - unix
  - windows
- name: golang.org/x/text
  version: 18c65dde6afd36dbc39197ca72008895b8dfbfb6
  subpackages:
  - secure/bidirule
  - transform
  - unicode/bidi
  - unicode/norm
  - width
- name: google.golang.org/appengine
  version: d9a072cfa7b9736e44311ef77b3e09d804bfa599
  subpackages:
  - internal
  - internal/app_identity
  - internal/base
  - internal/datastore
  - internal/log
  - internal/modules
  - internal/remote_api
  - internal/urlfetch
  - urlfetch
- name: gopkg.in/inf.v0
  version: 3887ee99ecf07df5b447e9b00d9c0b2adaa9f3e4
- name: gopkg.in/yaml.v2
  version: eb3733d160e74a9c7e442f435eb3bea458e1d19f
- name: k8s.io/client-go
  version: d05464429a0d456f3153092eacb09267e216f9b7
  subpackages:
  - 1.5/discovery
  - 1.5/kubernetes
  - 1.5/kubernetes/typed/apps/v1alpha1
  - 1.5/kubernetes/typed/authentication/v1beta1
  - 1.5/kubernetes/typed/authorization/v1beta1
  - 1.5/kubernetes/typed/autoscaling/v1
  - 1.5/kubernetes/typed/batch/v1
  - 1.5/kubernetes/typed/certificates/v1alpha1
  - 1.5/kubernetes/typed/core/v1
  - 1.5/kubernetes/typed/extensions/v1beta1
  - 1.5/kubernetes/typed/policy/v1alpha1
  - 1.5/kubernetes/typed/rbac/v1alpha1
  - 1.5/kubernetes/typed/storage/v1beta1
  - 1.5/pkg/api
  - 1.5/pkg/api/errors
  - 1.5/pkg/api/install
  - 1.5/pkg/api/meta
  - 1.5/pkg/api/meta/metatypes
  - 1.5/pkg/api/resource
  - 1.5/pkg/api/unversioned
  - 1.5/pkg/api/v1
  - 1.5/pkg/api/validation/path
  - 1.5/pkg/apimachinery
  - 1.5/pkg/apimachinery/announced
  - 1.5/pkg/apimachinery/registered
  - 1.5/pkg/apis/apps
  - 1.5/pkg/apis/apps/install
  - 1.5/pkg/apis/apps/v1alpha1
  - 1.5/pkg/apis/authentication
  - 1.5/pkg/apis/authentication/install
  - 1.5/pkg/apis/authentication/v1beta1
  - 1.5/pkg/apis/authorization
  - 1.5/pkg/apis/authorization/install
  - 1.5/pkg/apis/authorization/v1beta1
  - 1.5/pkg/apis/autoscaling
  - 1.5/pkg/apis/autoscaling/install
  - 1.5/pkg/apis/autoscaling/v1
  - 1.5/pkg/apis/batch
  - 1.5/pkg/apis/batch/install
  - 1.5/pkg/apis/batch/v1
  - 1.5/pkg/apis/batch/v2alpha1
  - 1.5/pkg/apis/certificates
  - 1.5/pkg/apis/certificates/install
  - 1.5/pkg/apis/certificates/v1alpha1
  - 1.5/pkg/apis/extensions
  - 1.5/pkg/apis/extensions/install
  - 1.5/pkg/apis/extensions/v1beta1
  - 1.5/pkg/apis/policy
  - 1.5/pkg/apis/policy/install
  - 1.5/pkg/apis/policy/v1alpha1
  - 1.5/pkg/apis/rbac
  - 1.5/pkg/apis/rbac/install
  - 1.5/pkg/apis/rbac/v1alpha1
  - 1.5/pkg/apis/storage
  - 1.5/pkg/apis/storage/install
  - 1.5/pkg/apis/storage/v1beta1
  - 1.5/pkg/auth/user
  - 1.5/pkg/conversion
  - 1.5/pkg/conversion/queryparams
  - 1.5/pkg/fields
  - 1.5/pkg/genericapiserver/openapi/common
  - 1.5/pkg/labels
  - 1.5/pkg/runtime
  - 1.5/pkg/runtime/serializer
  - 1.5/pkg/runtime/serializer/json
  - 1.5/pkg/runtime/serializer/protobuf
  - 1.5/pkg/runtime/serializer/recognizer
  - 1.5/pkg/runtime/serializer/streaming
  - 1.5/pkg/runtime/serializer/versioning
  - 1.5/pkg/selection
  - 1.5/pkg/third_party/forked/golang/reflect
  - 1.5/pkg/types
  - 1.5/pkg/util
  - 1.5/pkg/util/cert
  - 1.5/pkg/util/clock
  - 1.5/pkg/util/errors
  - 1.5/pkg/util/flowcontrol
  - 1.5/pkg/util/framer
  - 1.5/pkg/util/homedir
  - 1.5/pkg/util/integer
  - 1.5/pkg/util/intstr
  - 1.5/pkg/util/json
  - 1.5/pkg/util/labels
  - 1.5/pkg/util/net
  - 1.5/pkg/util/parsers
  - 1.5/pkg/util/rand
  - 1.5/pkg/util/runtime
  - 1.5/pkg/util/sets
  - 1.5/pkg/util/uuid
  - 1.5/pkg/util/validation
  - 1.5/pkg/util/validation/field
  - 1.5/pkg/util/wait
  - 1.5/pkg/util/yaml
  - 1.5/pkg/version
  - 1.5/pkg/watch
  - 1.5/pkg/watch/versioned
  - 1.5/plugin/pkg/client/auth
  - 1.5/plugin/pkg/client/auth/gcp
  - 1.5/plugin/pkg/client/auth/oidc
  - 1.5/rest
  - 1.5/tools/auth
  - 1.5/tools/clientcmd
  - 1.5/tools/clientcmd/api
  - 1.5/tools/clientcmd/api/latest
  - 1.5/tools/clientcmd/api/v1
  - 1.5/tools/metrics
  - 1.5/transport
testImports:
- name: github.com/patrickjuchli/couch
  version: 426bf552161bdde2865a41791b22d0ca45a918eb
